
Microsoft Visual Studio Solution File, Format Version 12.00
# Visual Studio Version 17
VisualStudioVersion = 17.9.34607.119
MinimumVisualStudioVersion = 10.0.40219.1
Project("{FAE04EC0-301F-11D3-BF4B-00C04F79EFBC}") = "Fibonacci Algorithm", "Fibonacci Algorithm\Fibonacci Algorithm.csproj", "{5B53512D-B79A-4C48-94F7-E74E34E72DB1}"
EndProject
Global
	GlobalSection(SolutionConfigurationPlatforms) = preSolution
		Debug|Any CPU = Debug|Any CPU
		Release|Any CPU = Release|Any CPU
	EndGlobalSection
	GlobalSection(ProjectConfigurationPlatforms) = postSolution
		{5B53512D-B79A-4C48-94F7-E74E34E72DB1}.Debug|Any CPU.ActiveCfg = Debug|Any CPU
		{5B53512D-B79A-4C48-94F7-E74E34E72DB1}.Debug|Any CPU.Build.0 = Debug|Any CPU
		{5B53512D-B79A-4C48-94F7-E74E34E72DB1}.Release|Any CPU.ActiveCfg = Release|Any CPU
		{5B53512D-B79A-4C48-94F7-E74E34E72DB1}.Release|Any CPU.Build.0 = Release|Any CPU
	EndGlobalSection
	GlobalSection(SolutionProperties) = preSolution
		HideSolutionNode = FALSE
	EndGlobalSection
	GlobalSection(ExtensibilityGlobals) = postSolution
		SolutionGuid = {304FDD2C-6C32-4765-AA42-A1F5BC6C1785}
	EndGlobalSection
EndGlobal
